<?xml version="1.0" encoding="utf-8"?>
<Project ToolsVersion="4.0" xmlns="http://schemas.microsoft.com/developer/msbuild/2003">
  <ItemGroup>
    <Filter Include="Source Files">
      <UniqueIdentifier>{4FC737F1-C7A5-4376-A066-2A32D752A2FF}</UniqueIdentifier>
      <Extensions>cpp;c;cc;cxx;def;odl;idl;hpj;bat;asm;asmx</Extensions>
    </Filter>
    <Filter Include="Header Files">
      <UniqueIdentifier>{93995380-89BD-4b04-88EB-625FBE52EBFB}</UniqueIdentifier>
      <Extensions>h;hpp;hxx;hm;inl;inc;xsd</Extensions>
    </Filter>
    <Filter Include="Resource Files">
      <UniqueIdentifier>{67DA6AB6-F800-4c08-8B7A-83BB121AAD01}</UniqueIdentifier>
      <Extensions>rc;ico;cur;bmp;dlg;rc2;rct;bin;rgs;gif;jpg;jpeg;jpe;resx;tiff;tif;png;wav;mfcribbon-ms</Extensions>
    </Filter>
  </ItemGroup>
  <ItemGroup>
    <None Include="ReadMe.txt" />
    <None Include="app.ico">
      <Filter>Resource Files</Filter>
    </None>
  </ItemGroup>
  <ItemGroup>
    <ClCompile Include="Home and Away Institute.cpp">
      <Filter>Source Files</Filter>
    </ClCompile>
    <ClCompile Include="AssemblyInfo.cpp">
      <Filter>Source Files</Filter>
    </ClCompile>
    <ClCompile Include="stdafx.cpp">
      <Filter>Source Files</Filter>
    </ClCompile>
    <ClCompile Include="mainmenu.cpp">
      <Filter>Source Files</Filter>
    </ClCompile>
    <ClCompile Include="coursemenu.cpp">
      <Filter>Source Files</Filter>
    </ClCompile>
    <ClCompile Include="courseschedule.cpp">
      <Filter>Source Files</Filter>
    </ClCompile>
    <ClCompile Include="addcourse.cpp">
      <Filter>Source Files</Filter>
    </ClCompile>
    <ClCompile Include="viewcourse.cpp">
      <Filter>Source Files</Filter>
    </ClCompile>
    <ClCompile Include="updatecourse.cpp">
      <Filter>Source Files</Filter>
    </ClCompile>
    <ClCompile Include="deletecourse.cpp">
      <Filter>Source Files</Filter>
    </ClCompile>
    <ClCompile Include="sortlisting.cpp">
      <Filter>Source Files</Filter>
    </ClCompile>
    <ClCompile Include="sortbyname.cpp">
      <Filter>Source Files</Filter>
    </ClCompile>
    <ClCompile Include="sortbycredit.cpp">
      <Filter>Source Files</Filter>
    </ClCompile>
    <ClCompile Include="sortbycode.cpp">
      <Filter>Source Files</Filter>
    </ClCompile>
    <ClCompile Include="courselink.cpp">
      <Filter>Source Files</Filter>
    </ClCompile>
    <ClCompile Include="linkedlist.cpp">
      <Filter>Source Files</Filter>
    </ClCompile>
    <ClCompile Include="addschedule.cpp">
      <Filter>Source Files</Filter>
    </ClCompile>
    <ClCompile Include="viewschedule.cpp">
      <Filter>Source Files</Filter>
    </ClCompile>
    <ClCompile Include="deleteschedule.cpp">
      <Filter>Source Files</Filter>
    </ClCompile>
    <ClCompile Include="updateschedule.cpp">
      <Filter>Source Files</Filter>
    </ClCompile>
  </ItemGroup>
  <ItemGroup>
    <ClInclude Include="Form1.h">
      <Filter>Header Files</Filter>
    </ClInclude>
    <ClInclude Include="resource.h">
      <Filter>Header Files</Filter>
    </ClInclude>
    <ClInclude Include="mainmenu.h">
      <Filter>Header Files</Filter>
    </ClInclude>
    <ClInclude Include="coursemenu.h">
      <Filter>Header Files</Filter>
    </ClInclude>
    <ClInclude Include="courseschedule.h">
      <Filter>Header Files</Filter>
    </ClInclude>
    <ClInclude Include="addcourse.h">
      <Filter>Header Files</Filter>
    </ClInclude>
    <ClInclude Include="viewcourse.h">
      <Filter>Header Files</Filter>
    </ClInclude>
    <ClInclude Include="updatecourse.h">
      <Filter>Header Files</Filter>
    </ClInclude>
    <ClInclude Include="deletecourse.h">
      <Filter>Header Files</Filter>
    </ClInclude>
    <ClInclude Include="sortlisting.h">
      <Filter>Header Files</Filter>
    </ClInclude>
    <ClInclude Include="sortbyname.h">
      <Filter>Header Files</Filter>
    </ClInclude>
    <ClInclude Include="sortbycredit.h">
      <Filter>Header Files</Filter>
    </ClInclude>
    <ClInclude Include="sortbycode.h">
      <Filter>Header Files</Filter>
    </ClInclude>
    <ClInclude Include="courselink.h">
      <Filter>Header Files</Filter>
    </ClInclude>
    <ClInclude Include="linkedlist.h">
      <Filter>Header Files</Filter>
    </ClInclude>
    <ClInclude Include="stdafx.h">
      <Filter>Header Files</Filter>
    </ClInclude>
    <ClInclude Include="targetver.h">
      <Filter>Header Files</Filter>
    </ClInclude>
    <ClInclude Include="addschedule.h">
      <Filter>Header Files</Filter>
    </ClInclude>
    <ClInclude Include="viewschedule.h">
      <Filter>Header Files</Filter>
    </ClInclude>
    <ClInclude Include="deleteschedule.h">
      <Filter>Header Files</Filter>
    </ClInclude>
    <ClInclude Include="updateschedule.h">
      <Filter>Header Files</Filter>
    </ClInclude>
  </ItemGroup>
  <ItemGroup>
    <ResourceCompile Include="app.rc">
      <Filter>Resource Files</Filter>
    </ResourceCompile>
  </ItemGroup>
  <ItemGroup>
    <EmbeddedResource Include="Form1.resX">
      <Filter>Resource Files</Filter>
    </EmbeddedResource>
    <EmbeddedResource Include="mainmenu.resx">
      <Filter>Resource Files</Filter>
    </EmbeddedResource>
    <EmbeddedResource Include="addcourse.resx">
      <Filter>Resource Files</Filter>
    </EmbeddedResource>
    <EmbeddedResource Include="coursemenu.resx">
      <Filter>Resource Files</Filter>
    </EmbeddedResource>
    <EmbeddedResource Include="courseschedule.resx">
      <Filter>Resource Files</Filter>
    </EmbeddedResource>
    <EmbeddedResource Include="deletecourse.resx">
      <Filter>Resource Files</Filter>
    </EmbeddedResource>
    <EmbeddedResource Include="sortlisting.resx">
      <Filter>Resource Files</Filter>
    </EmbeddedResource>
    <EmbeddedResource Include="updatecourse.resx">
      <Filter>Resource Files</Filter>
    </EmbeddedResource>
    <EmbeddedResource Include="viewcourse.resx">
      <Filter>Resource Files</Filter>
    </EmbeddedResource>
    <EmbeddedResource Include="sortbycode.resx">
      <Filter>Resource Files</Filter>
    </EmbeddedResource>
    <EmbeddedResource Include="sortbycredit.resx">
      <Filter>Resource Files</Filter>
    </EmbeddedResource>
    <EmbeddedResource Include="sortbyname.resx">
      <Filter>Resource Files</Filter>
    </EmbeddedResource>
    <EmbeddedResource Include="addschedule.resx">
      <Filter>Resource Files</Filter>
    </EmbeddedResource>
    <EmbeddedResource Include="viewschedule.resx">
      <Filter>Resource Files</Filter>
    </EmbeddedResource>
    <EmbeddedResource Include="deleteschedule.resx">
      <Filter>Resource Files</Filter>
    </EmbeddedResource>
    <EmbeddedResource Include="updateschedule.resx">
      <Filter>Resource Files</Filter>
    </EmbeddedResource>
  </ItemGroup>
</Project>